
Microsoft Visual Studio Solution File, Format Version 11.00
# Visual Studio 2010
Project("{FAE04EC0-301F-11D3-BF4B-00C04F79EFBC}") = "Project 2017.2", "Assembly-CSharp.csproj", "{96CF8201-9876-F459-583B-26DE5E0EF232}"
EndProject
Project("{FAE04EC0-301F-11D3-BF4B-00C04F79EFBC}") = "Project 2017.2", "Assembly-CSharp-Editor.csproj", "{DCAEB96E-ACB0-2754-90D6-3468680C2F2B}"
EndProject
Global
	GlobalSection(SolutionConfigurationPlatforms) = preSolution
		Debug|Any CPU = Debug|Any CPU
		Release|Any CPU = Release|Any CPU
	EndGlobalSection
	GlobalSection(ProjectConfigurationPlatforms) = postSolution
		{96CF8201-9876-F459-583B-26DE5E0EF232}.Debug|Any CPU.ActiveCfg = Debug|Any CPU
		{96CF8201-9876-F459-583B-26DE5E0EF232}.Debug|Any CPU.Build.0 = Debug|Any CPU
		{96CF8201-9876-F459-583B-26DE5E0EF232}.Release|Any CPU.ActiveCfg = Release|Any CPU
		{96CF8201-9876-F459-583B-26DE5E0EF232}.Release|Any CPU.Build.0 = Release|Any CPU
		{DCAEB96E-ACB0-2754-90D6-3468680C2F2B}.Debug|Any CPU.ActiveCfg = Debug|Any CPU
		{DCAEB96E-ACB0-2754-90D6-3468680C2F2B}.Debug|Any CPU.Build.0 = Debug|Any CPU
		{DCAEB96E-ACB0-2754-90D6-3468680C2F2B}.Release|Any CPU.ActiveCfg = Release|Any CPU
		{DCAEB96E-ACB0-2754-90D6-3468680C2F2B}.Release|Any CPU.Build.0 = Release|Any CPU
	EndGlobalSection
	GlobalSection(SolutionProperties) = preSolution
		HideSolutionNode = FALSE
	EndGlobalSection
	GlobalSection(MonoDevelopProperties) = preSolution
		StartupItem = Assembly-CSharp.csproj
	EndGlobalSection
EndGlobal
